/* Напишете програма, която копира информация от указан текстов файл и я добавя в друг. */

#include<iostream>
#include<fstream>
#include<string>
using namespace std;

ifstream infile;
ofstream newfile;
void CopyFile(string name1, string name2) {
	char ch;
	infile.open(name1);
	if (!infile.is_open()) {
		cout << "Error!";
		return;
	}
	newfile.open(name2);
	if (!newfile.is_open()) {
		cout << "Error!";
		return;
	}while(infile){
		infile.get(ch);
		if (infile)
			newfile << ch;
	}
	infile.close();
	newfile.close();
}

int main() {
	string namein,nameout;
	cout << "Enter filename to copy: "; getline(cin, namein);
	cout << "Enter new filename: "; getline(cin, nameout);
	CopyFile(namein,nameout);
	return 0;
}
