/* Напишете програма, която чете от клавиатурата текст(до въвеждане на '.')
и го записва в текстов файл */

#include<iostream>
#include<fstream>
#include<string>
using namespace std;

ofstream newfile;

void write(string name) {
	char ch;
	newfile.open(name);
	if (!newfile.is_open()) {
		cout << "Error!\n";
		return;
	}
	do {
		cin.get(ch);
		newfile << ch;
	} while (ch != '.');
}

int main() {
	string name;
	cout << "Enter file name: "; getline(cin, name);
	write(name);
	return 0;
}
