/* Напишете програма, която приема от клавиатурата име на файл
и създава празен txt файл с указаното име. */

#include<iostream>
#include<fstream>
#include<string>
using namespace std;

void CreateFile(string name) {
	ofstream newf;                          //създава изходен файл
	newf.open(name, ios::out);
	newf.close();
}

int main() {
	string name;
	cout << "Enter file name: "; 
	getline(cin, name);
	CreateFile(name);
	return 0;
}
