/*Да се напише програма, която в даден текстов файл, заменя всяко 
срещане на думата х с думата у и се запазва резултата в файл с име new.txt*/

#include<iostream>
#include<fstream>
using namespace std;

int main() {
	system("chcp 1251");
	string x, y, s;
	ifstream infile; ofstream offile;
	char ch, name[40];
	cout << "Въведете дума за х: \n"; cin >> x;
	cout << "Въведете дума за y: \n"; cin >> y;
	cout << "Въведете име на файл; \n"; cin >> name;
	infile.open(name, ios::in); offile.open("new.txt", ios::out);
	while (infile) {
		infile >> s; infile.get(ch);
		if (s == x) offile << y;
		else offile<<s;
		offile << ch;
	}
	infile.close(); offile.close();
	ifstream forOpen;
	forOpen.open("new.txt", ios::in);
	while (forOpen) {
		forOpen.get(ch);
		cout << ch;
	}
	forOpen.close();

	return 0;
}
