/* Напишете програма, която прочита текстов файл с посочено 
име и ако намери дадена дума я заменя с главни букви. */

#include<iostream>
#include<fstream>
#include<string>
using namespace std;

void Caps(string& d) {
	for (unsigned i = 0; i < d.size(); i++)
		if (d[i] >= 'a' && d[i] <= 'z')
			d[i] -= 32;
}

void ReplaceF(string fname, string d) {
	int len;                                 //дължина на текущата дума
	streamoff pos = 0, p = 0;				 //pos-позицията след прочетената дума, p- в началото на думата
	string st;
	fstream iof;                             //създаваме комбиниран файлов поток
	iof.open(fname, ios::in | ios::out);
	if (!iof.is_open()) {
		cout << "Error!";    return;
	}
	iof.seekg(0, ios::beg);
	while (iof.eof() == 0) {
		iof >> st;                           //чете поредната дума
		pos = iof.tellg();					 //запомня текущата позиция на get-указатела
		len = st.size();					 //дължина на прочетената дума
		if ((d == st) || (st == (d + '.'))) {
			Caps(st);                        //връща думата с главни букви
			if (pos != -1)
				iof.seekp(pos - len, ios::beg);
			else {
				iof.close();
				iof.open(fname, ios::in | ios::out);
				iof.seekp(p, ios::beg);
				iof << st;
				iof.seekg(pos, ios::beg);
			}
		}
		p = pos + 1;
	}
	iof.close();
}

int main() {
	string fn, word;
	cout << "Enter name of file: ";
	getline(cin, fn);
	cout << "\nEnter word to find: ";
	getline(cin, word);
	ReplaceF(fn, word);
	return 0;
}
