/* Напишете програма, която прочита текстов 
файл с посочено име и премахва от него търсена дума */

#include<iostream>
#include<fstream>
#include<string>
using namespace std;

ifstream inf;				//поток за запис
ofstream outf;              //поток за четене

void DeleteWord(string fname,string d) {  //изтрива от fname- d
	int flag = 0;			//обработва точката
	string st;				//за четене на поредната дума
	char c;					//за прочитане на разделитела след думата
	inf.open(fname, ios::in);   //отвяря файла за четене
	if (!inf.is_open()) {
		cout << "Error!";   return;
	}
	outf.open("temp.TXT", ios::out);  //временен за запис
	if (!outf.is_open()) {
		cout << "Error!";	return;
	}
	while (inf.eof() == 0) {
		inf >> st;
		if (inf)  
			inf.get(c);
		if (st[st.size() - 1] == '.') {
			st.substr(0, st.size() - 1);
			flag = 1;
		}
		if (st != d) {
			outf << st;
			if (flag)
				outf << '.';
			if (inf)
				outf << c;
		}
		else {
			if (flag)
				outf << '.';
			if (inf)
				outf << c;
		}
	}
	inf.close();
	outf.close();
	remove(fname.c_str());       //изтрива оригиналния файл
	rename("temp.txt", fname.c_str());
}

int main() {
	string fn, word;
	cout << "Enter name of file: ";
	getline(cin, fn);
	cout << "Enter word to delete: ";
	getline(cin, word);
	DeleteWord(fn, word);
	return 0;
}
