/* Напишете програма, която чете текст от клавиатурата до натискане на '.' 
и добавя информацията в края на текстов файл с указано име. */

#include<iostream>
#include<fstream>
#include<string>
using namespace std;

ofstream newfile;

void AppendFile(string name) {
	char ch;
	newfile.open(name,ios::app);
	if (!newfile.is_open()) {
		cout << "Error!";
		return;
	}do {
		cin.get(ch);
		newfile << ch;
	} while (ch != '.');
	newfile.close();
}

int main() {
	string name;
	cout << "Enter filename: "; getline(cin, name);
	AppendFile(name);
	return 0;
}
