/* Напишете програма, която отваря txt и визуализира съдържанието му на екрана */

#include<iostream>
#include<fstream>
#include<string>
using namespace std;

ifstream infile;
void readFile(string name) {
	char ch;
	infile.open(name);
	if (!infile.is_open()) {
		cout << "Error!";
		return;
	}
	while (infile) {
		infile.get(ch);
		if (infile) cout << ch;
	}infile.close();
}

int main() {
	string name;
	cout << "Enter filename: "; getline(cin, name);
	readFile(name);
	return 0;
}
